
Microsoft Visual Studio Solution File, Format Version 12.00
# Visual Studio Version 17
VisualStudioVersion = 17.0.32014.148
MinimumVisualStudioVersion = 10.0.40219.1
Project("{FAE04EC0-301F-11D3-BF4B-00C04F79EFBC}") = "SiteMVC", "SiteMVC\SiteMVC.csproj", "{43A0B228-D1AE-4724-A3E6-CFD5BC70DCA1}"
EndProject
Global
	GlobalSection(SolutionConfigurationPlatforms) = preSolution
		Debug|Any CPU = Debug|Any CPU
		Release|Any CPU = Release|Any CPU
	EndGlobalSection
	GlobalSection(ProjectConfigurationPlatforms) = postSolution
		{43A0B228-D1AE-4724-A3E6-CFD5BC70DCA1}.Debug|Any CPU.ActiveCfg = Debug|Any CPU
		{43A0B228-D1AE-4724-A3E6-CFD5BC70DCA1}.Debug|Any CPU.Build.0 = Debug|Any CPU
		{43A0B228-D1AE-4724-A3E6-CFD5BC70DCA1}.Release|Any CPU.ActiveCfg = Release|Any CPU
		{43A0B228-D1AE-4724-A3E6-CFD5BC70DCA1}.Release|Any CPU.Build.0 = Release|Any CPU
	EndGlobalSection
	GlobalSection(SolutionProperties) = preSolution
		HideSolutionNode = FALSE
	EndGlobalSection
	GlobalSection(ExtensibilityGlobals) = postSolution
		SolutionGuid = {756A7A84-D71B-42CB-B4C7-75123203C4CB}
	EndGlobalSection
EndGlobal
